
Microsoft Visual Studio Solution File, Format Version 12.00
# Visual Studio Version 17
VisualStudioVersion = 17.0.32112.339
MinimumVisualStudioVersion = 10.0.40219.1
Project("{8BC9CEB8-8B4A-11D0-8D11-00A0C91BC942}") = "FirstProject", "FirstProject\FirstProject.vcxproj", "{06D2D9CD-5D47-493D-878A-FFDBC059246F}"
EndProject
Project("{8BC9CEB8-8B4A-11D0-8D11-00A0C91BC942}") = "DynamicAllocation", "DynamicAllocation\DynamicAllocation.vcxproj", "{CED6D6D6-0D28-403D-ADD4-0F7A7D47698D}"
EndProject
Project("{8BC9CEB8-8B4A-11D0-8D11-00A0C91BC942}") = "String", "String\String.vcxproj", "{8EC27D32-EE63-46AC-9650-E58DA8DED6E1}"
EndProject
Project("{8BC9CEB8-8B4A-11D0-8D11-00A0C91BC942}") = "Functions", "Functions\Functions.vcxproj", "{F648BA99-BD97-4657-A89A-076C3135270B}"
EndProject
Project("{8BC9CEB8-8B4A-11D0-8D11-00A0C91BC942}") = "Class", "Class\Class.vcxproj", "{82E2856A-ED45-4BC5-B0F7-7E693C8CB077}"
EndProject
Project("{8BC9CEB8-8B4A-11D0-8D11-00A0C91BC942}") = "DynamicArray", "DynamicArray\DynamicArray.vcxproj", "{D16716DF-9ED0-4445-A0C8-66CBC56A6306}"
EndProject
Project("{8BC9CEB8-8B4A-11D0-8D11-00A0C91BC942}") = "Template", "Template\Template.vcxproj", "{CA58AEEB-3344-42F5-9236-F0D74A3196A2}"
EndProject
Project("{8BC9CEB8-8B4A-11D0-8D11-00A0C91BC942}") = "LinkedList", "LinkedList\LinkedList.vcxproj", "{310A9DB1-690C-4ED3-AE0C-556AA905DB3D}"
EndProject
Project("{8BC9CEB8-8B4A-11D0-8D11-00A0C91BC942}") = "BinaryTree", "BinaryTree\BinaryTree.vcxproj", "{EC05E7F9-D4AB-4C83-9469-B6CDEB09E306}"
EndProject
Project("{8BC9CEB8-8B4A-11D0-8D11-00A0C91BC942}") = "HashTable", "HashTable\HashTable.vcxproj", "{67F62AD7-A08C-4B10-B2F1-A03A89BD2837}"
EndProject
Global
	GlobalSection(SolutionConfigurationPlatforms) = preSolution
		Debug|x64 = Debug|x64
		Debug|x86 = Debug|x86
		Release|x64 = Release|x64
		Release|x86 = Release|x86
	EndGlobalSection
	GlobalSection(ProjectConfigurationPlatforms) = postSolution
		{06D2D9CD-5D47-493D-878A-FFDBC059246F}.Debug|x64.ActiveCfg = Debug|x64
		{06D2D9CD-5D47-493D-878A-FFDBC059246F}.Debug|x64.Build.0 = Debug|x64
		{06D2D9CD-5D47-493D-878A-FFDBC059246F}.Debug|x86.ActiveCfg = Debug|Win32
		{06D2D9CD-5D47-493D-878A-FFDBC059246F}.Debug|x86.Build.0 = Debug|Win32
		{06D2D9CD-5D47-493D-878A-FFDBC059246F}.Release|x64.ActiveCfg = Release|x64
		{06D2D9CD-5D47-493D-878A-FFDBC059246F}.Release|x64.Build.0 = Release|x64
		{06D2D9CD-5D47-493D-878A-FFDBC059246F}.Release|x86.ActiveCfg = Release|Win32
		{06D2D9CD-5D47-493D-878A-FFDBC059246F}.Release|x86.Build.0 = Release|Win32
		{CED6D6D6-0D28-403D-ADD4-0F7A7D47698D}.Debug|x64.ActiveCfg = Debug|x64
		{CED6D6D6-0D28-403D-ADD4-0F7A7D47698D}.Debug|x64.Build.0 = Debug|x64
		{CED6D6D6-0D28-403D-ADD4-0F7A7D47698D}.Debug|x86.ActiveCfg = Debug|Win32
		{CED6D6D6-0D28-403D-ADD4-0F7A7D47698D}.Debug|x86.Build.0 = Debug|Win32
		{CED6D6D6-0D28-403D-ADD4-0F7A7D47698D}.Release|x64.ActiveCfg = Release|x64
		{CED6D6D6-0D28-403D-ADD4-0F7A7D47698D}.Release|x64.Build.0 = Release|x64
		{CED6D6D6-0D28-403D-ADD4-0F7A7D47698D}.Release|x86.ActiveCfg = Release|Win32
		{CED6D6D6-0D28-403D-ADD4-0F7A7D47698D}.Release|x86.Build.0 = Release|Win32
		{8EC27D32-EE63-46AC-9650-E58DA8DED6E1}.Debug|x64.ActiveCfg = Debug|x64
		{8EC27D32-EE63-46AC-9650-E58DA8DED6E1}.Debug|x64.Build.0 = Debug|x64
		{8EC27D32-EE63-46AC-9650-E58DA8DED6E1}.Debug|x86.ActiveCfg = Debug|Win32
		{8EC27D32-EE63-46AC-9650-E58DA8DED6E1}.Debug|x86.Build.0 = Debug|Win32
		{8EC27D32-EE63-46AC-9650-E58DA8DED6E1}.Release|x64.ActiveCfg = Release|x64
		{8EC27D32-EE63-46AC-9650-E58DA8DED6E1}.Release|x64.Build.0 = Release|x64
		{8EC27D32-EE63-46AC-9650-E58DA8DED6E1}.Release|x86.ActiveCfg = Release|Win32
		{8EC27D32-EE63-46AC-9650-E58DA8DED6E1}.Release|x86.Build.0 = Release|Win32
		{F648BA99-BD97-4657-A89A-076C3135270B}.Debug|x64.ActiveCfg = Debug|x64
		{F648BA99-BD97-4657-A89A-076C3135270B}.Debug|x64.Build.0 = Debug|x64
		{F648BA99-BD97-4657-A89A-076C3135270B}.Debug|x86.ActiveCfg = Debug|Win32
		{F648BA99-BD97-4657-A89A-076C3135270B}.Debug|x86.Build.0 = Debug|Win32
		{F648BA99-BD97-4657-A89A-076C3135270B}.Release|x64.ActiveCfg = Release|x64
		{F648BA99-BD97-4657-A89A-076C3135270B}.Release|x64.Build.0 = Release|x64
		{F648BA99-BD97-4657-A89A-076C3135270B}.Release|x86.ActiveCfg = Release|Win32
		{F648BA99-BD97-4657-A89A-076C3135270B}.Release|x86.Build.0 = Release|Win32
		{82E2856A-ED45-4BC5-B0F7-7E693C8CB077}.Debug|x64.ActiveCfg = Debug|x64
		{82E2856A-ED45-4BC5-B0F7-7E693C8CB077}.Debug|x64.Build.0 = Debug|x64
		{82E2856A-ED45-4BC5-B0F7-7E693C8CB077}.Debug|x86.ActiveCfg = Debug|Win32
		{82E2856A-ED45-4BC5-B0F7-7E693C8CB077}.Debug|x86.Build.0 = Debug|Win32
		{82E2856A-ED45-4BC5-B0F7-7E693C8CB077}.Release|x64.ActiveCfg = Release|x64
		{82E2856A-ED45-4BC5-B0F7-7E693C8CB077}.Release|x64.Build.0 = Release|x64
		{82E2856A-ED45-4BC5-B0F7-7E693C8CB077}.Release|x86.ActiveCfg = Release|Win32
		{82E2856A-ED45-4BC5-B0F7-7E693C8CB077}.Release|x86.Build.0 = Release|Win32
		{D16716DF-9ED0-4445-A0C8-66CBC56A6306}.Debug|x64.ActiveCfg = Debug|x64
		{D16716DF-9ED0-4445-A0C8-66CBC56A6306}.Debug|x64.Build.0 = Debug|x64
		{D16716DF-9ED0-4445-A0C8-66CBC56A6306}.Debug|x86.ActiveCfg = Debug|Win32
		{D16716DF-9ED0-4445-A0C8-66CBC56A6306}.Debug|x86.Build.0 = Debug|Win32
		{D16716DF-9ED0-4445-A0C8-66CBC56A6306}.Release|x64.ActiveCfg = Release|x64
		{D16716DF-9ED0-4445-A0C8-66CBC56A6306}.Release|x64.Build.0 = Release|x64
		{D16716DF-9ED0-4445-A0C8-66CBC56A6306}.Release|x86.ActiveCfg = Release|Win32
		{D16716DF-9ED0-4445-A0C8-66CBC56A6306}.Release|x86.Build.0 = Release|Win32
		{CA58AEEB-3344-42F5-9236-F0D74A3196A2}.Debug|x64.ActiveCfg = Debug|x64
		{CA58AEEB-3344-42F5-9236-F0D74A3196A2}.Debug|x64.Build.0 = Debug|x64
		{CA58AEEB-3344-42F5-9236-F0D74A3196A2}.Debug|x86.ActiveCfg = Debug|Win32
		{CA58AEEB-3344-42F5-9236-F0D74A3196A2}.Debug|x86.Build.0 = Debug|Win32
		{CA58AEEB-3344-42F5-9236-F0D74A3196A2}.Release|x64.ActiveCfg = Release|x64
		{CA58AEEB-3344-42F5-9236-F0D74A3196A2}.Release|x64.Build.0 = Release|x64
		{CA58AEEB-3344-42F5-9236-F0D74A3196A2}.Release|x86.ActiveCfg = Release|Win32
		{CA58AEEB-3344-42F5-9236-F0D74A3196A2}.Release|x86.Build.0 = Release|Win32
		{310A9DB1-690C-4ED3-AE0C-556AA905DB3D}.Debug|x64.ActiveCfg = Debug|x64
		{310A9DB1-690C-4ED3-AE0C-556AA905DB3D}.Debug|x64.Build.0 = Debug|x64
		{310A9DB1-690C-4ED3-AE0C-556AA905DB3D}.Debug|x86.ActiveCfg = Debug|Win32
		{310A9DB1-690C-4ED3-AE0C-556AA905DB3D}.Debug|x86.Build.0 = Debug|Win32
		{310A9DB1-690C-4ED3-AE0C-556AA905DB3D}.Release|x64.ActiveCfg = Release|x64
		{310A9DB1-690C-4ED3-AE0C-556AA905DB3D}.Release|x64.Build.0 = Release|x64
		{310A9DB1-690C-4ED3-AE0C-556AA905DB3D}.Release|x86.ActiveCfg = Release|Win32
		{310A9DB1-690C-4ED3-AE0C-556AA905DB3D}.Release|x86.Build.0 = Release|Win32
		{EC05E7F9-D4AB-4C83-9469-B6CDEB09E306}.Debug|x64.ActiveCfg = Debug|x64
		{EC05E7F9-D4AB-4C83-9469-B6CDEB09E306}.Debug|x64.Build.0 = Debug|x64
		{EC05E7F9-D4AB-4C83-9469-B6CDEB09E306}.Debug|x86.ActiveCfg = Debug|Win32
		{EC05E7F9-D4AB-4C83-9469-B6CDEB09E306}.Debug|x86.Build.0 = Debug|Win32
		{EC05E7F9-D4AB-4C83-9469-B6CDEB09E306}.Release|x64.ActiveCfg = Release|x64
		{EC05E7F9-D4AB-4C83-9469-B6CDEB09E306}.Release|x64.Build.0 = Release|x64
		{EC05E7F9-D4AB-4C83-9469-B6CDEB09E306}.Release|x86.ActiveCfg = Release|Win32
		{EC05E7F9-D4AB-4C83-9469-B6CDEB09E306}.Release|x86.Build.0 = Release|Win32
		{67F62AD7-A08C-4B10-B2F1-A03A89BD2837}.Debug|x64.ActiveCfg = Debug|x64
		{67F62AD7-A08C-4B10-B2F1-A03A89BD2837}.Debug|x64.Build.0 = Debug|x64
		{67F62AD7-A08C-4B10-B2F1-A03A89BD2837}.Debug|x86.ActiveCfg = Debug|Win32
		{67F62AD7-A08C-4B10-B2F1-A03A89BD2837}.Debug|x86.Build.0 = Debug|Win32
		{67F62AD7-A08C-4B10-B2F1-A03A89BD2837}.Release|x64.ActiveCfg = Release|x64
		{67F62AD7-A08C-4B10-B2F1-A03A89BD2837}.Release|x64.Build.0 = Release|x64
		{67F62AD7-A08C-4B10-B2F1-A03A89BD2837}.Release|x86.ActiveCfg = Release|Win32
		{67F62AD7-A08C-4B10-B2F1-A03A89BD2837}.Release|x86.Build.0 = Release|Win32
	EndGlobalSection
	GlobalSection(SolutionProperties) = preSolution
		HideSolutionNode = FALSE
	EndGlobalSection
	GlobalSection(ExtensibilityGlobals) = postSolution
		SolutionGuid = {4A9B8ED3-A088-43E6-A1EB-1C0BBE057DDE}
	EndGlobalSection
EndGlobal
