
Microsoft Visual Studio Solution File, Format Version 12.00
# Visual Studio Version 17
VisualStudioVersion = 17.0.32112.339
MinimumVisualStudioVersion = 10.0.40219.1
Project("{8BC9CEB8-8B4A-11D0-8D11-00A0C91BC942}") = "Client_FirstProject", "Client_FirstProject\Client_FirstProject.vcxproj", "{7A1D3F9A-8512-4717-AC40-D6278EB5C932}"
EndProject
Project("{8BC9CEB8-8B4A-11D0-8D11-00A0C91BC942}") = "ConstantExpression", "ConstantExpression\ConstantExpression.vcxproj", "{7DDAE243-3C02-4C3A-A257-7DA8F36144D2}"
EndProject
Project("{8BC9CEB8-8B4A-11D0-8D11-00A0C91BC942}") = "Variables", "Variables\Variables.vcxproj", "{F81379D5-00F5-4D68-896A-313D15E2F034}"
EndProject
Project("{8BC9CEB8-8B4A-11D0-8D11-00A0C91BC942}") = "OutputFunction_scanf", "OutputFunction_scanf\OutputFunction_scanf.vcxproj", "{33CED16D-ADD2-405B-9C3F-FB21FCBB5212}"
EndProject
Project("{8BC9CEB8-8B4A-11D0-8D11-00A0C91BC942}") = "Operator", "Operator\Operator.vcxproj", "{30C88BCD-BB8F-4B86-8190-B19E0B9CC0DF}"
EndProject
Project("{8BC9CEB8-8B4A-11D0-8D11-00A0C91BC942}") = "ControlStatement_if", "ControlStatement_if\ControlStatement_if.vcxproj", "{05C11429-6F6C-4639-8E2D-08AE664C43B7}"
EndProject
Project("{8BC9CEB8-8B4A-11D0-8D11-00A0C91BC942}") = "ControlStatement_SwitchCase", "ControlStatement_SwitchCase\ControlStatement_SwitchCase.vcxproj", "{82D5AC1E-D01F-4FA2-BB7D-09D6E64916B9}"
EndProject
Project("{8BC9CEB8-8B4A-11D0-8D11-00A0C91BC942}") = "ControlStatement_Loop_While", "ControlStatement_Loop_While\ControlStatement_Loop_While.vcxproj", "{393D91D6-D689-430F-8F8B-90CBE2E5A278}"
EndProject
Project("{8BC9CEB8-8B4A-11D0-8D11-00A0C91BC942}") = "ControlStatement_Loop_for", "ControlStatement_Loop_for\ControlStatement_Loop_for.vcxproj", "{5D93E4DF-4BE9-4B87-AC7C-89EC7D41AF64}"
EndProject
Project("{8BC9CEB8-8B4A-11D0-8D11-00A0C91BC942}") = "Function", "Function\Function.vcxproj", "{B8A08D18-4683-433D-9A0F-1E2D99B5466A}"
EndProject
Global
	GlobalSection(SolutionConfigurationPlatforms) = preSolution
		Debug|x64 = Debug|x64
		Debug|x86 = Debug|x86
		Release|x64 = Release|x64
		Release|x86 = Release|x86
	EndGlobalSection
	GlobalSection(ProjectConfigurationPlatforms) = postSolution
		{7A1D3F9A-8512-4717-AC40-D6278EB5C932}.Debug|x64.ActiveCfg = Debug|x64
		{7A1D3F9A-8512-4717-AC40-D6278EB5C932}.Debug|x64.Build.0 = Debug|x64
		{7A1D3F9A-8512-4717-AC40-D6278EB5C932}.Debug|x86.ActiveCfg = Debug|Win32
		{7A1D3F9A-8512-4717-AC40-D6278EB5C932}.Debug|x86.Build.0 = Debug|Win32
		{7A1D3F9A-8512-4717-AC40-D6278EB5C932}.Release|x64.ActiveCfg = Release|x64
		{7A1D3F9A-8512-4717-AC40-D6278EB5C932}.Release|x64.Build.0 = Release|x64
		{7A1D3F9A-8512-4717-AC40-D6278EB5C932}.Release|x86.ActiveCfg = Release|Win32
		{7A1D3F9A-8512-4717-AC40-D6278EB5C932}.Release|x86.Build.0 = Release|Win32
		{7DDAE243-3C02-4C3A-A257-7DA8F36144D2}.Debug|x64.ActiveCfg = Debug|x64
		{7DDAE243-3C02-4C3A-A257-7DA8F36144D2}.Debug|x64.Build.0 = Debug|x64
		{7DDAE243-3C02-4C3A-A257-7DA8F36144D2}.Debug|x86.ActiveCfg = Debug|Win32
		{7DDAE243-3C02-4C3A-A257-7DA8F36144D2}.Debug|x86.Build.0 = Debug|Win32
		{7DDAE243-3C02-4C3A-A257-7DA8F36144D2}.Release|x64.ActiveCfg = Release|x64
		{7DDAE243-3C02-4C3A-A257-7DA8F36144D2}.Release|x64.Build.0 = Release|x64
		{7DDAE243-3C02-4C3A-A257-7DA8F36144D2}.Release|x86.ActiveCfg = Release|Win32
		{7DDAE243-3C02-4C3A-A257-7DA8F36144D2}.Release|x86.Build.0 = Release|Win32
		{F81379D5-00F5-4D68-896A-313D15E2F034}.Debug|x64.ActiveCfg = Debug|x64
		{F81379D5-00F5-4D68-896A-313D15E2F034}.Debug|x64.Build.0 = Debug|x64
		{F81379D5-00F5-4D68-896A-313D15E2F034}.Debug|x86.ActiveCfg = Debug|Win32
		{F81379D5-00F5-4D68-896A-313D15E2F034}.Debug|x86.Build.0 = Debug|Win32
		{F81379D5-00F5-4D68-896A-313D15E2F034}.Release|x64.ActiveCfg = Release|x64
		{F81379D5-00F5-4D68-896A-313D15E2F034}.Release|x64.Build.0 = Release|x64
		{F81379D5-00F5-4D68-896A-313D15E2F034}.Release|x86.ActiveCfg = Release|Win32
		{F81379D5-00F5-4D68-896A-313D15E2F034}.Release|x86.Build.0 = Release|Win32
		{33CED16D-ADD2-405B-9C3F-FB21FCBB5212}.Debug|x64.ActiveCfg = Debug|x64
		{33CED16D-ADD2-405B-9C3F-FB21FCBB5212}.Debug|x64.Build.0 = Debug|x64
		{33CED16D-ADD2-405B-9C3F-FB21FCBB5212}.Debug|x86.ActiveCfg = Debug|Win32
		{33CED16D-ADD2-405B-9C3F-FB21FCBB5212}.Debug|x86.Build.0 = Debug|Win32
		{33CED16D-ADD2-405B-9C3F-FB21FCBB5212}.Release|x64.ActiveCfg = Release|x64
		{33CED16D-ADD2-405B-9C3F-FB21FCBB5212}.Release|x64.Build.0 = Release|x64
		{33CED16D-ADD2-405B-9C3F-FB21FCBB5212}.Release|x86.ActiveCfg = Release|Win32
		{33CED16D-ADD2-405B-9C3F-FB21FCBB5212}.Release|x86.Build.0 = Release|Win32
		{30C88BCD-BB8F-4B86-8190-B19E0B9CC0DF}.Debug|x64.ActiveCfg = Debug|x64
		{30C88BCD-BB8F-4B86-8190-B19E0B9CC0DF}.Debug|x64.Build.0 = Debug|x64
		{30C88BCD-BB8F-4B86-8190-B19E0B9CC0DF}.Debug|x86.ActiveCfg = Debug|Win32
		{30C88BCD-BB8F-4B86-8190-B19E0B9CC0DF}.Debug|x86.Build.0 = Debug|Win32
		{30C88BCD-BB8F-4B86-8190-B19E0B9CC0DF}.Release|x64.ActiveCfg = Release|x64
		{30C88BCD-BB8F-4B86-8190-B19E0B9CC0DF}.Release|x64.Build.0 = Release|x64
		{30C88BCD-BB8F-4B86-8190-B19E0B9CC0DF}.Release|x86.ActiveCfg = Release|Win32
		{30C88BCD-BB8F-4B86-8190-B19E0B9CC0DF}.Release|x86.Build.0 = Release|Win32
		{05C11429-6F6C-4639-8E2D-08AE664C43B7}.Debug|x64.ActiveCfg = Debug|x64
		{05C11429-6F6C-4639-8E2D-08AE664C43B7}.Debug|x64.Build.0 = Debug|x64
		{05C11429-6F6C-4639-8E2D-08AE664C43B7}.Debug|x86.ActiveCfg = Debug|Win32
		{05C11429-6F6C-4639-8E2D-08AE664C43B7}.Debug|x86.Build.0 = Debug|Win32
		{05C11429-6F6C-4639-8E2D-08AE664C43B7}.Release|x64.ActiveCfg = Release|x64
		{05C11429-6F6C-4639-8E2D-08AE664C43B7}.Release|x64.Build.0 = Release|x64
		{05C11429-6F6C-4639-8E2D-08AE664C43B7}.Release|x86.ActiveCfg = Release|Win32
		{05C11429-6F6C-4639-8E2D-08AE664C43B7}.Release|x86.Build.0 = Release|Win32
		{82D5AC1E-D01F-4FA2-BB7D-09D6E64916B9}.Debug|x64.ActiveCfg = Debug|x64
		{82D5AC1E-D01F-4FA2-BB7D-09D6E64916B9}.Debug|x64.Build.0 = Debug|x64
		{82D5AC1E-D01F-4FA2-BB7D-09D6E64916B9}.Debug|x86.ActiveCfg = Debug|Win32
		{82D5AC1E-D01F-4FA2-BB7D-09D6E64916B9}.Debug|x86.Build.0 = Debug|Win32
		{82D5AC1E-D01F-4FA2-BB7D-09D6E64916B9}.Release|x64.ActiveCfg = Release|x64
		{82D5AC1E-D01F-4FA2-BB7D-09D6E64916B9}.Release|x64.Build.0 = Release|x64
		{82D5AC1E-D01F-4FA2-BB7D-09D6E64916B9}.Release|x86.ActiveCfg = Release|Win32
		{82D5AC1E-D01F-4FA2-BB7D-09D6E64916B9}.Release|x86.Build.0 = Release|Win32
		{393D91D6-D689-430F-8F8B-90CBE2E5A278}.Debug|x64.ActiveCfg = Debug|x64
		{393D91D6-D689-430F-8F8B-90CBE2E5A278}.Debug|x64.Build.0 = Debug|x64
		{393D91D6-D689-430F-8F8B-90CBE2E5A278}.Debug|x86.ActiveCfg = Debug|Win32
		{393D91D6-D689-430F-8F8B-90CBE2E5A278}.Debug|x86.Build.0 = Debug|Win32
		{393D91D6-D689-430F-8F8B-90CBE2E5A278}.Release|x64.ActiveCfg = Release|x64
		{393D91D6-D689-430F-8F8B-90CBE2E5A278}.Release|x64.Build.0 = Release|x64
		{393D91D6-D689-430F-8F8B-90CBE2E5A278}.Release|x86.ActiveCfg = Release|Win32
		{393D91D6-D689-430F-8F8B-90CBE2E5A278}.Release|x86.Build.0 = Release|Win32
		{5D93E4DF-4BE9-4B87-AC7C-89EC7D41AF64}.Debug|x64.ActiveCfg = Debug|x64
		{5D93E4DF-4BE9-4B87-AC7C-89EC7D41AF64}.Debug|x64.Build.0 = Debug|x64
		{5D93E4DF-4BE9-4B87-AC7C-89EC7D41AF64}.Debug|x86.ActiveCfg = Debug|Win32
		{5D93E4DF-4BE9-4B87-AC7C-89EC7D41AF64}.Debug|x86.Build.0 = Debug|Win32
		{5D93E4DF-4BE9-4B87-AC7C-89EC7D41AF64}.Release|x64.ActiveCfg = Release|x64
		{5D93E4DF-4BE9-4B87-AC7C-89EC7D41AF64}.Release|x64.Build.0 = Release|x64
		{5D93E4DF-4BE9-4B87-AC7C-89EC7D41AF64}.Release|x86.ActiveCfg = Release|Win32
		{5D93E4DF-4BE9-4B87-AC7C-89EC7D41AF64}.Release|x86.Build.0 = Release|Win32
		{B8A08D18-4683-433D-9A0F-1E2D99B5466A}.Debug|x64.ActiveCfg = Debug|x64
		{B8A08D18-4683-433D-9A0F-1E2D99B5466A}.Debug|x64.Build.0 = Debug|x64
		{B8A08D18-4683-433D-9A0F-1E2D99B5466A}.Debug|x86.ActiveCfg = Debug|Win32
		{B8A08D18-4683-433D-9A0F-1E2D99B5466A}.Debug|x86.Build.0 = Debug|Win32
		{B8A08D18-4683-433D-9A0F-1E2D99B5466A}.Release|x64.ActiveCfg = Release|x64
		{B8A08D18-4683-433D-9A0F-1E2D99B5466A}.Release|x64.Build.0 = Release|x64
		{B8A08D18-4683-433D-9A0F-1E2D99B5466A}.Release|x86.ActiveCfg = Release|Win32
		{B8A08D18-4683-433D-9A0F-1E2D99B5466A}.Release|x86.Build.0 = Release|Win32
	EndGlobalSection
	GlobalSection(SolutionProperties) = preSolution
		HideSolutionNode = FALSE
	EndGlobalSection
	GlobalSection(ExtensibilityGlobals) = postSolution
		SolutionGuid = {9A5F76D5-5314-4939-A9B1-FBCC99032FB2}
	EndGlobalSection
EndGlobal
