
Microsoft Visual Studio Solution File, Format Version 12.00
# Visual Studio Version 17
VisualStudioVersion = 17.0.32112.339
MinimumVisualStudioVersion = 10.0.40219.1
Project("{8BC9CEB8-8B4A-11D0-8D11-00A0C91BC942}") = "Client_FirstProject", "Client_FirstProject\Client_FirstProject.vcxproj", "{7A1D3F9A-8512-4717-AC40-D6278EB5C932}"
EndProject
Project("{8BC9CEB8-8B4A-11D0-8D11-00A0C91BC942}") = "ConstantExpression", "ConstantExpression\ConstantExpression.vcxproj", "{7DDAE243-3C02-4C3A-A257-7DA8F36144D2}"
EndProject
Project("{8BC9CEB8-8B4A-11D0-8D11-00A0C91BC942}") = "Variables", "Variables\Variables.vcxproj", "{F81379D5-00F5-4D68-896A-313D15E2F034}"
EndProject
Project("{8BC9CEB8-8B4A-11D0-8D11-00A0C91BC942}") = "OutputFunction_scanf", "OutputFunction_scanf\OutputFunction_scanf.vcxproj", "{33CED16D-ADD2-405B-9C3F-FB21FCBB5212}"
EndProject
Project("{8BC9CEB8-8B4A-11D0-8D11-00A0C91BC942}") = "Operator", "Operator\Operator.vcxproj", "{30C88BCD-BB8F-4B86-8190-B19E0B9CC0DF}"
EndProject
Global
	GlobalSection(SolutionConfigurationPlatforms) = preSolution
		Debug|x64 = Debug|x64
		Debug|x86 = Debug|x86
		Release|x64 = Release|x64
		Release|x86 = Release|x86
	EndGlobalSection
	GlobalSection(ProjectConfigurationPlatforms) = postSolution
		{7A1D3F9A-8512-4717-AC40-D6278EB5C932}.Debug|x64.ActiveCfg = Debug|x64
		{7A1D3F9A-8512-4717-AC40-D6278EB5C932}.Debug|x64.Build.0 = Debug|x64
		{7A1D3F9A-8512-4717-AC40-D6278EB5C932}.Debug|x86.ActiveCfg = Debug|Win32
		{7A1D3F9A-8512-4717-AC40-D6278EB5C932}.Debug|x86.Build.0 = Debug|Win32
		{7A1D3F9A-8512-4717-AC40-D6278EB5C932}.Release|x64.ActiveCfg = Release|x64
		{7A1D3F9A-8512-4717-AC40-D6278EB5C932}.Release|x64.Build.0 = Release|x64
		{7A1D3F9A-8512-4717-AC40-D6278EB5C932}.Release|x86.ActiveCfg = Release|Win32
		{7A1D3F9A-8512-4717-AC40-D6278EB5C932}.Release|x86.Build.0 = Release|Win32
		{7DDAE243-3C02-4C3A-A257-7DA8F36144D2}.Debug|x64.ActiveCfg = Debug|x64
		{7DDAE243-3C02-4C3A-A257-7DA8F36144D2}.Debug|x64.Build.0 = Debug|x64
		{7DDAE243-3C02-4C3A-A257-7DA8F36144D2}.Debug|x86.ActiveCfg = Debug|Win32
		{7DDAE243-3C02-4C3A-A257-7DA8F36144D2}.Debug|x86.Build.0 = Debug|Win32
		{7DDAE243-3C02-4C3A-A257-7DA8F36144D2}.Release|x64.ActiveCfg = Release|x64
		{7DDAE243-3C02-4C3A-A257-7DA8F36144D2}.Release|x64.Build.0 = Release|x64
		{7DDAE243-3C02-4C3A-A257-7DA8F36144D2}.Release|x86.ActiveCfg = Release|Win32
		{7DDAE243-3C02-4C3A-A257-7DA8F36144D2}.Release|x86.Build.0 = Release|Win32
		{F81379D5-00F5-4D68-896A-313D15E2F034}.Debug|x64.ActiveCfg = Debug|x64
		{F81379D5-00F5-4D68-896A-313D15E2F034}.Debug|x64.Build.0 = Debug|x64
		{F81379D5-00F5-4D68-896A-313D15E2F034}.Debug|x86.ActiveCfg = Debug|Win32
		{F81379D5-00F5-4D68-896A-313D15E2F034}.Debug|x86.Build.0 = Debug|Win32
		{F81379D5-00F5-4D68-896A-313D15E2F034}.Release|x64.ActiveCfg = Release|x64
		{F81379D5-00F5-4D68-896A-313D15E2F034}.Release|x64.Build.0 = Release|x64
		{F81379D5-00F5-4D68-896A-313D15E2F034}.Release|x86.ActiveCfg = Release|Win32
		{F81379D5-00F5-4D68-896A-313D15E2F034}.Release|x86.Build.0 = Release|Win32
		{33CED16D-ADD2-405B-9C3F-FB21FCBB5212}.Debug|x64.ActiveCfg = Debug|x64
		{33CED16D-ADD2-405B-9C3F-FB21FCBB5212}.Debug|x64.Build.0 = Debug|x64
		{33CED16D-ADD2-405B-9C3F-FB21FCBB5212}.Debug|x86.ActiveCfg = Debug|Win32
		{33CED16D-ADD2-405B-9C3F-FB21FCBB5212}.Debug|x86.Build.0 = Debug|Win32
		{33CED16D-ADD2-405B-9C3F-FB21FCBB5212}.Release|x64.ActiveCfg = Release|x64
		{33CED16D-ADD2-405B-9C3F-FB21FCBB5212}.Release|x64.Build.0 = Release|x64
		{33CED16D-ADD2-405B-9C3F-FB21FCBB5212}.Release|x86.ActiveCfg = Release|Win32
		{33CED16D-ADD2-405B-9C3F-FB21FCBB5212}.Release|x86.Build.0 = Release|Win32
		{30C88BCD-BB8F-4B86-8190-B19E0B9CC0DF}.Debug|x64.ActiveCfg = Debug|x64
		{30C88BCD-BB8F-4B86-8190-B19E0B9CC0DF}.Debug|x64.Build.0 = Debug|x64
		{30C88BCD-BB8F-4B86-8190-B19E0B9CC0DF}.Debug|x86.ActiveCfg = Debug|Win32
		{30C88BCD-BB8F-4B86-8190-B19E0B9CC0DF}.Debug|x86.Build.0 = Debug|Win32
		{30C88BCD-BB8F-4B86-8190-B19E0B9CC0DF}.Release|x64.ActiveCfg = Release|x64
		{30C88BCD-BB8F-4B86-8190-B19E0B9CC0DF}.Release|x64.Build.0 = Release|x64
		{30C88BCD-BB8F-4B86-8190-B19E0B9CC0DF}.Release|x86.ActiveCfg = Release|Win32
		{30C88BCD-BB8F-4B86-8190-B19E0B9CC0DF}.Release|x86.Build.0 = Release|Win32
	EndGlobalSection
	GlobalSection(SolutionProperties) = preSolution
		HideSolutionNode = FALSE
	EndGlobalSection
	GlobalSection(ExtensibilityGlobals) = postSolution
		SolutionGuid = {9A5F76D5-5314-4939-A9B1-FBCC99032FB2}
	EndGlobalSection
EndGlobal
